// !$*UTF8*$!
{
	archiveVersion = 1;
	classes = {
	};
	objectVersion = 46;
	objects = {

/* Begin PBXBuildFile section */
		86126BAC1F4A0DB700513890 /* AppDelegate.swift in Sources */ = {isa = PBXBuildFile; fileRef = 86126BAB1F4A0DB700513890 /* AppDelegate.swift */; };
		86126BAE1F4A0DB700513890 /* ViewController.swift in Sources */ = {isa = PBXBuildFile; fileRef = 86126BAD1F4A0DB700513890 /* ViewController.swift */; };
		86126BB11F4A0DB700513890 /* Main.storyboard in Resources */ = {isa = PBXBuildFile; fileRef = 86126BAF1F4A0DB700513890 /* Main.storyboard */; };
		86126BB31F4A0DB700513890 /* Assets.xcassets in Resources */ = {isa = PBXBuildFile; fileRef = 86126BB21F4A0DB700513890 /* Assets.xcassets */; };
		86126BB61F4A0DB700513890 /* LaunchScreen.storyboard in Resources */ = {isa = PBXBuildFile; fileRef = 86126BB41F4A0DB700513890 /* LaunchScreen.storyboard */; };
		86126BBE1F4A0DCC00513890 /* Planes.swift in Sources */ = {isa = PBXBuildFile; fileRef = 86126BBD1F4A0DCC00513890 /* Planes.swift */; };
/* End PBXBuildFile section */

/* Begin PBXFileReference section */
		86126BA81F4A0DB700513890 /* Resarvations.app */ = {isa = PBXFileReference; explicitFileType = wrapper.application; includeInIndex = 0; path = Resarvations.app; sourceTree = BUILT_PRODUCTS_DIR; };
		86126BAB1F4A0DB700513890 /* AppDelegate.swift */ = {isa = PBXFileReference; lastKnownFileType = sourcecode.swift; path = AppDelegate.swift; sourceTree = "<group>"; };
		86126BAD1F4A0DB700513890 /* ViewController.swift */ = {isa = PBXFileReference; lastKnownFileType = sourcecode.swift; path = ViewController.swift; sourceTree = "<group>"; };
		86126BB01F4A0DB700513890 /* Base */ = {isa = PBXFileReference; lastKnownFileType = file.storyboard; name = Base; path = Base.lproj/Main.storyboard; sourceTree = "<group>"; };
		86126BB21F4A0DB700513890 /* Assets.xcassets */ = {isa = PBXFileReference; lastKnownFileType = folder.assetcatalog; path = Assets.xcassets; sourceTree = "<group>"; };
		86126BB51F4A0DB700513890 /* Base */ = {isa = PBXFileReference; lastKnownFileType = file.storyboard; name = Base; path = Base.lproj/LaunchScreen.storyboard; sourceTree = "<group>"; };
		86126BB71F4A0DB700513890 /* Info.plist */ = {isa = PBXFileReference; lastKnownFileType = text.plist.xml; path = Info.plist; sourceTree = "<group>"; };
		86126BBD1F4A0DCC00513890 /* Planes.swift */ = {isa = PBXFileReference; fileEncoding = 4; lastKnownFileType = sourcecode.swift; path = Planes.swift; sourceTree = "<group>"; };
/* End PBXFileReference section */

/* Begin PBXFrameworksBuildPhase section */
		86126BA51F4A0DB700513890 /* Frameworks */ = {
			isa = PBXFrameworksBuildPhase;
			buildActionMask = 2147483647;
			files = (
			);
			runOnlyForDeploymentPostprocessing = 0;
		};
/* End PBXFrameworksBuildPhase section */

/* Begin PBXGroup section */
		86126B9F1F4A0DB700513890 = {
			isa = PBXGroup;
			children = (
				86126BAA1F4A0DB700513890 /* Resarvations */,
				86126BA91F4A0DB700513890 /* Products */,
			);
			sourceTree = "<group>";
		};
		86126BA91F4A0DB700513890 /* Products */ = {
			isa = PBXGroup;
			children = (
				86126BA81F4A0DB700513890 /* Resarvations.app */,
			);
			name = Products;
			sourceTree = "<group>";
		};
		86126BAA1F4A0DB700513890 /* Resarvations */ = {
			isa = PBXGroup;
			children = (
				86126BAB1F4A0DB700513890 /* AppDelegate.swift */,
				86126BBD1F4A0DCC00513890 /* Planes.swift */,
				86126BAD1F4A0DB700513890 /* ViewController.swift */,
				86126BAF1F4A0DB700513890 /* Main.storyboard */,
				86126BB21F4A0DB700513890 /* Assets.xcassets */,
				86126BB41F4A0DB700513890 /* LaunchScreen.storyboard */,
				86126BB71F4A0DB700513890 /* Info.plist */,
			);
			path = Resarvations;
			sourceTree = "<group>";
		};
/* End PBXGroup section */

/* Begin PBXNativeTarget section */
		86126BA71F4A0DB700513890 /* Resarvations */ = {
			isa = PBXNativeTarget;
			buildConfigurationList = 86126BBA1F4A0DB700513890 /* Build configuration list for PBXNativeTarget "Resarvations" */;
			buildPhases = (
				86126BA41F4A0DB700513890 /* Sources */,
				86126BA51F4A0DB700513890 /* Frameworks */,
				86126BA61F4A0DB700513890 /* Resources */,
			);
			buildRules = (
			);
			dependencies = (
			);
			name = Resarvations;
			productName = Resarvations;
			productReference = 86126BA81F4A0DB700513890 /* Resarvations.app */;
			productType = "com.apple.product-type.application";
		};
/* End PBXNativeTarget section */

/* Begin PBXProject section */
		86126BA01F4A0DB700513890 /* Project object */ = {
			isa = PBXProject;
			attributes = {
				LastSwiftUpdateCheck = 0830;
				LastUpgradeCheck = 0830;
				ORGANIZATIONNAME = redEye;
				TargetAttributes = {
					86126BA71F4A0DB700513890 = {
						CreatedOnToolsVersion = 8.3.3;
						DevelopmentTeam = 5A4XZ2BS58;
						ProvisioningStyle = Automatic;
					};
				};
			};
			buildConfigurationList = 86126BA31F4A0DB700513890 /* Build configuration list for PBXProject "Resarvations" */;
			compatibilityVersion = "Xcode 3.2";
			developmentRegion = English;
			hasScannedForEncodings = 0;
			knownRegions = (
				en,
				Base,
			);
			mainGroup = 86126B9F1F4A0DB700513890;
			productRefGroup = 86126BA91F4A0DB700513890 /* Products */;
			projectDirPath = "";
			projectRoot = "";
			targets = (
				86126BA71F4A0DB700513890 /* Resarvations */,
			);
		};
/* End PBXProject section */

/* Begin PBXResourcesBuildPhase section */
		86126BA61F4A0DB700513890 /* Resources */ = {
			isa = PBXResourcesBuildPhase;
			buildActionMask = 2147483647;
			files = (
				86126BB61F4A0DB700513890 /* LaunchScreen.storyboard in Resources */,
				86126BB31F4A0DB700513890 /* Assets.xcassets in Resources */,
				86126BB11F4A0DB700513890 /* Main.storyboard in Resources */,
			);
			runOnlyForDeploymentPostprocessing = 0;
		};
/* End PBXResourcesBuildPhase section */

/* Begin PBXSourcesBuildPhase section */
		86126BA41F4A0DB700513890 /* Sources */ = {
			isa = PBXSourcesBuildPhase;
			buildActionMask = 2147483647;
			files = (
				86126BBE1F4A0DCC00513890 /* Planes.swift in Sources */,
				86126BAE1F4A0DB700513890 /* ViewController.swift in Sources */,
				86126BAC1F4A0DB700513890 /* AppDelegate.swift in Sources */,
			);
			runOnlyForDeploymentPostprocessing = 0;
		};
/* End PBXSourcesBuildPhase section */

/* Begin PBXVariantGroup section */
		86126BAF1F4A0DB700513890 /* Main.storyboard */ = {
			isa = PBXVariantGroup;
			children = (
				86126BB01F4A0DB700513890 /* Base */,
			);
			name = Main.storyboard;
			sourceTree = "<group>";
		};
		86126BB41F4A0DB700513890 /* LaunchScreen.storyboard */ = {
			isa = PBXVariantGroup;
			children = (
				86126BB51F4A0DB700513890 /* Base */,
			);
			name = LaunchScreen.storyboard;
			sourceTree = "<group>";
		};
/* End PBXVariantGroup section */

/* Begin XCBuildConfiguration section */
		86126BB81F4A0DB700513890 /* Debug */ = {
			isa = XCBuildConfiguration;
			buildSettings = {
				ALWAYS_SEARCH_USER_PATHS = NO;
				CLANG_ANALYZER_NONNULL = YES;
				CLANG_ANALYZER_NUMBER_OBJECT_CONVERSION = YES_AGGRESSIVE;
				CLANG_CXX_LANGUAGE_STANDARD = "gnu++0x";
				CLANG_CXX_LIBRARY = "libc++";
				CLANG_ENABLE_MODULES = YES;
				CLANG_ENABLE_OBJC_ARC = YES;
				CLANG_WARN_BOOL_CONVERSION = YES;
				CLANG_WARN_CONSTANT_CONVERSION = YES;
				CLANG_WARN_DIRECT_OBJC_ISA_USAGE = YES_ERROR;
				CLANG_WARN_DOCUMENTATION_COMMENTS = YES;
				CLANG_WARN_EMPTY_BODY = YES;
				CLANG_WARN_ENUM_CONVERSION = YES;
				CLANG_WARN_INFINITE_RECURSION = YES;
				CLANG_WARN_INT_CONVERSION = YES;
				CLANG_WARN_OBJC_ROOT_CLASS = YES_ERROR;
				CLANG_WARN_SUSPICIOUS_MOVE = YES;
				CLANG_WARN_UNREACHABLE_CODE = YES;
				CLANG_WARN__DUPLICATE_METHOD_MATCH = YES;
				"CODE_SIGN_IDENTITY[sdk=iphoneos*]" = "iPhone Developer";
				COPY_PHASE_STRIP = NO;
				DEBUG_INFORMATION_FORMAT = dwarf;
				ENABLE_STRICT_OBJC_MSGSEND = YES;
				ENABLE_TESTABILITY = YES;
				GCC_C_LANGUAGE_STANDARD = gnu99;
				GCC_DYNAMIC_NO_PIC = NO;
				GCC_NO_COMMON_BLOCKS = YES;
				GCC_OPTIMIZATION_LEVEL = 0;
				GCC_PREPROCESSOR_DEFINITIONS = (
					"DEBUG=1",
					"$(inherited)",
				);
				GCC_WARN_64_TO_32_BIT_CONVERSION = YES;
				GCC_WARN_ABOUT_RETURN_TYPE = YES_ERROR;
				GCC_WARN_UNDECLARED_SELECTOR = YES;
				GCC_WARN_UNINITIALIZED_AUTOS = YES_AGGRESSIVE;
				GCC_WARN_UNUSED_FUNCTION = YES;
				GCC_WARN_UNUSED_VARIABLE = YES;
				IPHONEOS_DEPLOYMENT_TARGET = 10.3;
				MTL_ENABLE_DEBUG_INFO = YES;
				ONLY_ACTIVE_ARCH = YES;
				SDKROOT = iphoneos;
				SWIFT_ACTIVE_COMPILATION_CONDITIONS = DEBUG;
				SWIFT_OPTIMIZATION_LEVEL = "-Onone";
				TARGETED_DEVICE_FAMILY = "1,2";
			};
			name = Debug;
		};
		86126BB91F4A0DB700513890 /* Release */ = {
			isa = XCBuildConfiguration;
			buildSettings = {
				ALWAYS_SEARCH_USER_PATHS = NO;
				CLANG_ANALYZER_NONNULL = YES;
				CLANG_ANALYZER_NUMBER_OBJECT_CONVERSION = YES_AGGRESSIVE;
				CLANG_CXX_LANGUAGE_STANDARD = "gnu++0x";
				CLANG_CXX_LIBRARY = "libc++";
				CLANG_ENABLE_MODULES = YES;
				CLANG_ENABLE_OBJC_ARC = YES;
				CLANG_WARN_BOOL_CONVERSION = YES;
				CLANG_WARN_CONSTANT_CONVERSION = YES;
				CLANG_WARN_DIRECT_OBJC_ISA_USAGE = YES_ERROR;
				CLANG_WARN_DOCUMENTATION_COMMENTS = YES;
				CLANG_WARN_EMPTY_BODY = YES;
				CLANG_WARN_ENUM_CONVERSION = YES;
				CLANG_WARN_INFINITE_RECURSION = YES;
				CLANG_WARN_INT_CONVERSION = YES;
				CLANG_WARN_OBJC_ROOT_CLASS = YES_ERROR;
				CLANG_WARN_SUSPICIOUS_MOVE = YES;
				CLANG_WARN_UNREACHABLE_CODE = YES;
				CLANG_WARN__DUPLICATE_METHOD_MATCH = YES;
				"CODE_SIGN_IDENTITY[sdk=iphoneos*]" = "iPhone Developer";
				COPY_PHASE_STRIP = NO;
				DEBUG_INFORMATION_FORMAT = "dwarf-with-dsym";
				ENABLE_NS_ASSERTIONS = NO;
				ENABLE_STRICT_OBJC_MSGSEND = YES;
				GCC_C_LANGUAGE_STANDARD = gnu99;
				GCC_NO_COMMON_BLOCKS = YES;
				GCC_WARN_64_TO_32_BIT_CONVERSION = YES;
				GCC_WARN_ABOUT_RETURN_TYPE = YES_ERROR;
				GCC_WARN_UNDECLARED_SELECTOR = YES;
				GCC_WARN_UNINITIALIZED_AUTOS = YES_AGGRESSIVE;
				GCC_WARN_UNUSED_FUNCTION = YES;
				GCC_WARN_UNUSED_VARIABLE = YES;
				IPHONEOS_DEPLOYMENT_TARGET = 10.3;
				MTL_ENABLE_DEBUG_INFO = NO;
				SDKROOT = iphoneos;
				SWIFT_OPTIMIZATION_LEVEL = "-Owholemodule";
				TARGETED_DEVICE_FAMILY = "1,2";
				VALIDATE_PRODUCT = YES;
			};
			name = Release;
		};
		86126BBB1F4A0DB700513890 /* Debug */ = {
			isa = XCBuildConfiguration;
			buildSettings = {
				ASSETCATALOG_COMPILER_APPICON_NAME = AppIcon;
				DEVELOPMENT_TEAM = 5A4XZ2BS58;
				INFOPLIST_FILE = Resarvations/Info.plist;
				LD_RUNPATH_SEARCH_PATHS = "$(inherited) @executable_path/Frameworks";
				PRODUCT_BUNDLE_IDENTIFIER = com.redEye.Resarvations;
				PRODUCT_NAME = "$(TARGET_NAME)";
				SWIFT_VERSION = 3.0;
			};
			name = Debug;
		};
		86126BBC1F4A0DB700513890 /* Release */ = {
			isa = XCBuildConfiguration;
			buildSettings = {
				ASSETCATALOG_COMPILER_APPICON_NAME = AppIcon;
				DEVELOPMENT_TEAM = 5A4XZ2BS58;
				INFOPLIST_FILE = Resarvations/Info.plist;
				LD_RUNPATH_SEARCH_PATHS = "$(inherited) @executable_path/Frameworks";
				PRODUCT_BUNDLE_IDENTIFIER = com.redEye.Resarvations;
				PRODUCT_NAME = "$(TARGET_NAME)";
				SWIFT_VERSION = 3.0;
			};
			name = Release;
		};
/* End XCBuildConfiguration section */

/* Begin XCConfigurationList section */
		86126BA31F4A0DB700513890 /* Build configuration list for PBXProject "Resarvations" */ = {
			isa = XCConfigurationList;
			buildConfigurations = (
				86126BB81F4A0DB700513890 /* Debug */,
				86126BB91F4A0DB700513890 /* Release */,
			);
			defaultConfigurationIsVisible = 0;
			defaultConfigurationName = Release;
		};
		86126BBA1F4A0DB700513890 /* Build configuration list for PBXNativeTarget "Resarvations" */ = {
			isa = XCConfigurationList;
			buildConfigurations = (
				86126BBB1F4A0DB700513890 /* Debug */,
				86126BBC1F4A0DB700513890 /* Release */,
			);
			defaultConfigurationIsVisible = 0;
		};
/* End XCConfigurationList section */
	};
	rootObject = 86126BA01F4A0DB700513890 /* Project object */;
}
